// !$*UTF8*$!
{
	archiveVersion = 1;
	classes = {
	};
	objectVersion = 56;
	objects = {

/* Begin PBXBuildFile section */
		81687CB028F48E0D00F240A4 /* WeatherApiService.swift in Sources */ = {isa = PBXBuildFile; fileRef = 81687CAF28F48E0D00F240A4 /* WeatherApiService.swift */; };
		81687CB328F48E3000F240A4 /* WeatherResponse.swift in Sources */ = {isa = PBXBuildFile; fileRef = 81687CB228F48E3000F240A4 /* WeatherResponse.swift */; };
		81687CB528F48E4A00F240A4 /* CurrentWeather.swift in Sources */ = {isa = PBXBuildFile; fileRef = 81687CB428F48E4A00F240A4 /* CurrentWeather.swift */; };
		81687CB728F48E7600F240A4 /* Forecast.swift in Sources */ = {isa = PBXBuildFile; fileRef = 81687CB628F48E7600F240A4 /* Forecast.swift */; };
		81687CBA28F48EB300F240A4 /* Constants.swift in Sources */ = {isa = PBXBuildFile; fileRef = 81687CB928F48EB300F240A4 /* Constants.swift */; };
		81687CBD28F48EFF00F240A4 /* WeatherRepository.swift in Sources */ = {isa = PBXBuildFile; fileRef = 81687CBC28F48EFF00F240A4 /* WeatherRepository.swift */; };
		81687CC128F48F3200F240A4 /* WeatherViewModel.swift in Sources */ = {isa = PBXBuildFile; fileRef = 81687CC028F48F3200F240A4 /* WeatherViewModel.swift */; };
		81687CD028F4A9B500F240A4 /* WeatherViewModel.swift in Sources */ = {isa = PBXBuildFile; fileRef = 81687CC028F48F3200F240A4 /* WeatherViewModel.swift */; };
		81687CD128F4A9B900F240A4 /* WeatherRepository.swift in Sources */ = {isa = PBXBuildFile; fileRef = 81687CBC28F48EFF00F240A4 /* WeatherRepository.swift */; };
		81687CD228F4A9BC00F240A4 /* Constants.swift in Sources */ = {isa = PBXBuildFile; fileRef = 81687CB928F48EB300F240A4 /* Constants.swift */; };
		81687CD328F4A9BF00F240A4 /* WeatherResponse.swift in Sources */ = {isa = PBXBuildFile; fileRef = 81687CB228F48E3000F240A4 /* WeatherResponse.swift */; };
		81687CD428F4A9C200F240A4 /* CurrentWeather.swift in Sources */ = {isa = PBXBuildFile; fileRef = 81687CB428F48E4A00F240A4 /* CurrentWeather.swift */; };
		81687CD528F4A9C600F240A4 /* Forecast.swift in Sources */ = {isa = PBXBuildFile; fileRef = 81687CB628F48E7600F240A4 /* Forecast.swift */; };
		81687CD628F4A9CA00F240A4 /* WeatherApiService.swift in Sources */ = {isa = PBXBuildFile; fileRef = 81687CAF28F48E0D00F240A4 /* WeatherApiService.swift */; };
		81687CDA28F4AA9D00F240A4 /* MockWeatherApiService.swift in Sources */ = {isa = PBXBuildFile; fileRef = 81687CD928F4AA9D00F240A4 /* MockWeatherApiService.swift */; };
		81687CDC28F4AAB500F240A4 /* MockWeatherRepository.swift in Sources */ = {isa = PBXBuildFile; fileRef = 81687CDB28F4AAB500F240A4 /* MockWeatherRepository.swift */; };
		81687CE328F4AC8100F240A4 /* SearchView.swift in Sources */ = {isa = PBXBuildFile; fileRef = 81687CE228F4AC8100F240A4 /* SearchView.swift */; };
		81687CE528F4AD8B00F240A4 /* WeatherView.swift in Sources */ = {isa = PBXBuildFile; fileRef = 81687CE428F4AD8B00F240A4 /* WeatherView.swift */; };
		81687CE728F4ADA400F240A4 /* WeatherWidget.swift in Sources */ = {isa = PBXBuildFile; fileRef = 81687CE628F4ADA400F240A4 /* WeatherWidget.swift */; };
		81F479C228F4893E00B756AD /* TestWeatherApp.swift in Sources */ = {isa = PBXBuildFile; fileRef = 81F479C128F4893E00B756AD /* TestWeatherApp.swift */; };
		81F479C428F4893E00B756AD /* ContentView.swift in Sources */ = {isa = PBXBuildFile; fileRef = 81F479C328F4893E00B756AD /* ContentView.swift */; };
		81F479C628F4894000B756AD /* Assets.xcassets in Resources */ = {isa = PBXBuildFile; fileRef = 81F479C528F4894000B756AD /* Assets.xcassets */; };
		81F479C928F4894000B756AD /* Preview Assets.xcassets in Resources */ = {isa = PBXBuildFile; fileRef = 81F479C828F4894000B756AD /* Preview Assets.xcassets */; };
		81F479D328F4894100B756AD /* TestWeatherTests.swift in Sources */ = {isa = PBXBuildFile; fileRef = 81F479D228F4894100B756AD /* TestWeatherTests.swift */; };
		81F479DD28F4894100B756AD /* TestWeatherUITests.swift in Sources */ = {isa = PBXBuildFile; fileRef = 81F479DC28F4894100B756AD /* TestWeatherUITests.swift */; };
		81F479DF28F4894100B756AD /* TestWeatherUITestsLaunchTests.swift in Sources */ = {isa = PBXBuildFile; fileRef = 81F479DE28F4894100B756AD /* TestWeatherUITestsLaunchTests.swift */; };
		81F479ED28F48BA700B756AD /* Alamofire in Frameworks */ = {isa = PBXBuildFile; productRef = 81F479EC28F48BA700B756AD /* Alamofire */; };
/* End PBXBuildFile section */

/* Begin PBXContainerItemProxy section */
		81F479CF28F4894100B756AD /* PBXContainerItemProxy */ = {
			isa = PBXContainerItemProxy;
			containerPortal = 81F479B628F4893E00B756AD /* Project object */;
			proxyType = 1;
			remoteGlobalIDString = 81F479BD28F4893E00B756AD;
			remoteInfo = TestWeather;
		};
		81F479D928F4894100B756AD /* PBXContainerItemProxy */ = {
			isa = PBXContainerItemProxy;
			containerPortal = 81F479B628F4893E00B756AD /* Project object */;
			proxyType = 1;
			remoteGlobalIDString = 81F479BD28F4893E00B756AD;
			remoteInfo = TestWeather;
		};
/* End PBXContainerItemProxy section */

/* Begin PBXFileReference section */
		81687CAF28F48E0D00F240A4 /* WeatherApiService.swift */ = {isa = PBXFileReference; lastKnownFileType = sourcecode.swift; path = WeatherApiService.swift; sourceTree = "<group>"; };
		81687CB228F48E3000F240A4 /* WeatherResponse.swift */ = {isa = PBXFileReference; lastKnownFileType = sourcecode.swift; path = WeatherResponse.swift; sourceTree = "<group>"; };
		81687CB428F48E4A00F240A4 /* CurrentWeather.swift */ = {isa = PBXFileReference; lastKnownFileType = sourcecode.swift; path = CurrentWeather.swift; sourceTree = "<group>"; };
		81687CB628F48E7600F240A4 /* Forecast.swift */ = {isa = PBXFileReference; lastKnownFileType = sourcecode.swift; path = Forecast.swift; sourceTree = "<group>"; };
		81687CB928F48EB300F240A4 /* Constants.swift */ = {isa = PBXFileReference; lastKnownFileType = sourcecode.swift; path = Constants.swift; sourceTree = "<group>"; };
		81687CBC28F48EFF00F240A4 /* WeatherRepository.swift */ = {isa = PBXFileReference; lastKnownFileType = sourcecode.swift; path = WeatherRepository.swift; sourceTree = "<group>"; };
		81687CC028F48F3200F240A4 /* WeatherViewModel.swift */ = {isa = PBXFileReference; lastKnownFileType = sourcecode.swift; path = WeatherViewModel.swift; sourceTree = "<group>"; };
		81687CD928F4AA9D00F240A4 /* MockWeatherApiService.swift */ = {isa = PBXFileReference; lastKnownFileType = sourcecode.swift; path = MockWeatherApiService.swift; sourceTree = "<group>"; };
		81687CDB28F4AAB500F240A4 /* MockWeatherRepository.swift */ = {isa = PBXFileReference; lastKnownFileType = sourcecode.swift; path = MockWeatherRepository.swift; sourceTree = "<group>"; };
		81687CE228F4AC8100F240A4 /* SearchView.swift */ = {isa = PBXFileReference; lastKnownFileType = sourcecode.swift; path = SearchView.swift; sourceTree = "<group>"; };
		81687CE428F4AD8B00F240A4 /* WeatherView.swift */ = {isa = PBXFileReference; lastKnownFileType = sourcecode.swift; path = WeatherView.swift; sourceTree = "<group>"; };
		81687CE628F4ADA400F240A4 /* WeatherWidget.swift */ = {isa = PBXFileReference; lastKnownFileType = sourcecode.swift; path = WeatherWidget.swift; sourceTree = "<group>"; };
		81F479BE28F4893E00B756AD /* TestWeather.app */ = {isa = PBXFileReference; explicitFileType = wrapper.application; includeInIndex = 0; path = TestWeather.app; sourceTree = BUILT_PRODUCTS_DIR; };
		81F479C128F4893E00B756AD /* TestWeatherApp.swift */ = {isa = PBXFileReference; lastKnownFileType = sourcecode.swift; path = TestWeatherApp.swift; sourceTree = "<group>"; };
		81F479C328F4893E00B756AD /* ContentView.swift */ = {isa = PBXFileReference; lastKnownFileType = sourcecode.swift; path = ContentView.swift; sourceTree = "<group>"; };
		81F479C528F4894000B756AD /* Assets.xcassets */ = {isa = PBXFileReference; lastKnownFileType = folder.assetcatalog; path = Assets.xcassets; sourceTree = "<group>"; };
		81F479C828F4894000B756AD /* Preview Assets.xcassets */ = {isa = PBXFileReference; lastKnownFileType = folder.assetcatalog; path = "Preview Assets.xcassets"; sourceTree = "<group>"; };
		81F479CE28F4894100B756AD /* TestWeatherTests.xctest */ = {isa = PBXFileReference; explicitFileType = wrapper.cfbundle; includeInIndex = 0; path = TestWeatherTests.xctest; sourceTree = BUILT_PRODUCTS_DIR; };
		81F479D228F4894100B756AD /* TestWeatherTests.swift */ = {isa = PBXFileReference; lastKnownFileType = sourcecode.swift; path = TestWeatherTests.swift; sourceTree = "<group>"; };
		81F479D828F4894100B756AD /* TestWeatherUITests.xctest */ = {isa = PBXFileReference; explicitFileType = wrapper.cfbundle; includeInIndex = 0; path = TestWeatherUITests.xctest; sourceTree = BUILT_PRODUCTS_DIR; };
		81F479DC28F4894100B756AD /* TestWeatherUITests.swift */ = {isa = PBXFileReference; lastKnownFileType = sourcecode.swift; path = TestWeatherUITests.swift; sourceTree = "<group>"; };
		81F479DE28F4894100B756AD /* TestWeatherUITestsLaunchTests.swift */ = {isa = PBXFileReference; lastKnownFileType = sourcecode.swift; path = TestWeatherUITestsLaunchTests.swift; sourceTree = "<group>"; };
/* End PBXFileReference section */

/* Begin PBXFrameworksBuildPhase section */
		81F479BB28F4893E00B756AD /* Frameworks */ = {
			isa = PBXFrameworksBuildPhase;
			buildActionMask = 2147483647;
			files = (
				81F479ED28F48BA700B756AD /* Alamofire in Frameworks */,
			);
			runOnlyForDeploymentPostprocessing = 0;
		};
		81F479CB28F4894100B756AD /* Frameworks */ = {
			isa = PBXFrameworksBuildPhase;
			buildActionMask = 2147483647;
			files = (
			);
			runOnlyForDeploymentPostprocessing = 0;
		};
		81F479D528F4894100B756AD /* Frameworks */ = {
			isa = PBXFrameworksBuildPhase;
			buildActionMask = 2147483647;
			files = (
			);
			runOnlyForDeploymentPostprocessing = 0;
		};
/* End PBXFrameworksBuildPhase section */

/* Begin PBXGroup section */
		81687CAE28F48DC700F240A4 /* Services */ = {
			isa = PBXGroup;
			children = (
				81687CAF28F48E0D00F240A4 /* WeatherApiService.swift */,
			);
			path = Services;
			sourceTree = "<group>";
		};
		81687CB128F48E2100F240A4 /* Models */ = {
			isa = PBXGroup;
			children = (
				81687CB228F48E3000F240A4 /* WeatherResponse.swift */,
				81687CB428F48E4A00F240A4 /* CurrentWeather.swift */,
				81687CB628F48E7600F240A4 /* Forecast.swift */,
			);
			path = Models;
			sourceTree = "<group>";
		};
		81687CB828F48EA800F240A4 /* SupportFiles */ = {
			isa = PBXGroup;
			children = (
				81687CB928F48EB300F240A4 /* Constants.swift */,
			);
			path = SupportFiles;
			sourceTree = "<group>";
		};
		81687CBB28F48EE700F240A4 /* Repositories */ = {
			isa = PBXGroup;
			children = (
				81687CBC28F48EFF00F240A4 /* WeatherRepository.swift */,
			);
			path = Repositories;
			sourceTree = "<group>";
		};
		81687CBE28F48F1800F240A4 /* ViewModels */ = {
			isa = PBXGroup;
			children = (
				81687CC028F48F3200F240A4 /* WeatherViewModel.swift */,
			);
			path = ViewModels;
			sourceTree = "<group>";
		};
		81687CD728F4AA8800F240A4 /* Repositories */ = {
			isa = PBXGroup;
			children = (
				81687CDB28F4AAB500F240A4 /* MockWeatherRepository.swift */,
			);
			path = Repositories;
			sourceTree = "<group>";
		};
		81687CD828F4AA9000F240A4 /* Services */ = {
			isa = PBXGroup;
			children = (
				81687CD928F4AA9D00F240A4 /* MockWeatherApiService.swift */,
			);
			path = Services;
			sourceTree = "<group>";
		};
		81687CDD28F4AC4000F240A4 /* Views */ = {
			isa = PBXGroup;
			children = (
				81687CE128F4AC6800F240A4 /* ForecastView */,
				81687CE028F4AC5F00F240A4 /* WeatherView */,
				81687CDF28F4AC5200F240A4 /* SearchVIew */,
				81687CDE28F4AC4900F240A4 /* Screens */,
			);
			path = Views;
			sourceTree = "<group>";
		};
		81687CDE28F4AC4900F240A4 /* Screens */ = {
			isa = PBXGroup;
			children = (
			);
			path = Screens;
			sourceTree = "<group>";
		};
		81687CDF28F4AC5200F240A4 /* SearchVIew */ = {
			isa = PBXGroup;
			children = (
				81687CE228F4AC8100F240A4 /* SearchView.swift */,
			);
			path = SearchVIew;
			sourceTree = "<group>";
		};
		81687CE028F4AC5F00F240A4 /* WeatherView */ = {
			isa = PBXGroup;
			children = (
				81687CE428F4AD8B00F240A4 /* WeatherView.swift */,
				81687CE628F4ADA400F240A4 /* WeatherWidget.swift */,
			);
			path = WeatherView;
			sourceTree = "<group>";
		};
		81687CE128F4AC6800F240A4 /* ForecastView */ = {
			isa = PBXGroup;
			children = (
			);
			path = ForecastView;
			sourceTree = "<group>";
		};
		81F479B528F4893E00B756AD = {
			isa = PBXGroup;
			children = (
				81F479C028F4893E00B756AD /* TestWeather */,
				81F479D128F4894100B756AD /* TestWeatherTests */,
				81F479DB28F4894100B756AD /* TestWeatherUITests */,
				81F479BF28F4893E00B756AD /* Products */,
			);
			sourceTree = "<group>";
		};
		81F479BF28F4893E00B756AD /* Products */ = {
			isa = PBXGroup;
			children = (
				81F479BE28F4893E00B756AD /* TestWeather.app */,
				81F479CE28F4894100B756AD /* TestWeatherTests.xctest */,
				81F479D828F4894100B756AD /* TestWeatherUITests.xctest */,
			);
			name = Products;
			sourceTree = "<group>";
		};
		81F479C028F4893E00B756AD /* TestWeather */ = {
			isa = PBXGroup;
			children = (
				81687CDD28F4AC4000F240A4 /* Views */,
				81687CBE28F48F1800F240A4 /* ViewModels */,
				81687CBB28F48EE700F240A4 /* Repositories */,
				81687CB828F48EA800F240A4 /* SupportFiles */,
				81687CB128F48E2100F240A4 /* Models */,
				81687CAE28F48DC700F240A4 /* Services */,
				81F479C128F4893E00B756AD /* TestWeatherApp.swift */,
				81F479C328F4893E00B756AD /* ContentView.swift */,
				81F479C528F4894000B756AD /* Assets.xcassets */,
				81F479C728F4894000B756AD /* Preview Content */,
			);
			path = TestWeather;
			sourceTree = "<group>";
		};
		81F479C728F4894000B756AD /* Preview Content */ = {
			isa = PBXGroup;
			children = (
				81F479C828F4894000B756AD /* Preview Assets.xcassets */,
			);
			path = "Preview Content";
			sourceTree = "<group>";
		};
		81F479D128F4894100B756AD /* TestWeatherTests */ = {
			isa = PBXGroup;
			children = (
				81687CD828F4AA9000F240A4 /* Services */,
				81687CD728F4AA8800F240A4 /* Repositories */,
				81F479D228F4894100B756AD /* TestWeatherTests.swift */,
			);
			path = TestWeatherTests;
			sourceTree = "<group>";
		};
		81F479DB28F4894100B756AD /* TestWeatherUITests */ = {
			isa = PBXGroup;
			children = (
				81F479DC28F4894100B756AD /* TestWeatherUITests.swift */,
				81F479DE28F4894100B756AD /* TestWeatherUITestsLaunchTests.swift */,
			);
			path = TestWeatherUITests;
			sourceTree = "<group>";
		};
/* End PBXGroup section */

/* Begin PBXNativeTarget section */
		81F479BD28F4893E00B756AD /* TestWeather */ = {
			isa = PBXNativeTarget;
			buildConfigurationList = 81F479E228F4894100B756AD /* Build configuration list for PBXNativeTarget "TestWeather" */;
			buildPhases = (
				81F479BA28F4893E00B756AD /* Sources */,
				81F479BB28F4893E00B756AD /* Frameworks */,
				81F479BC28F4893E00B756AD /* Resources */,
			);
			buildRules = (
			);
			dependencies = (
			);
			name = TestWeather;
			packageProductDependencies = (
				81F479EC28F48BA700B756AD /* Alamofire */,
			);
			productName = TestWeather;
			productReference = 81F479BE28F4893E00B756AD /* TestWeather.app */;
			productType = "com.apple.product-type.application";
		};
		81F479CD28F4894100B756AD /* TestWeatherTests */ = {
			isa = PBXNativeTarget;
			buildConfigurationList = 81F479E528F4894100B756AD /* Build configuration list for PBXNativeTarget "TestWeatherTests" */;
			buildPhases = (
				81F479CA28F4894100B756AD /* Sources */,
				81F479CB28F4894100B756AD /* Frameworks */,
				81F479CC28F4894100B756AD /* Resources */,
			);
			buildRules = (
			);
			dependencies = (
				81F479D028F4894100B756AD /* PBXTargetDependency */,
			);
			name = TestWeatherTests;
			productName = TestWeatherTests;
			productReference = 81F479CE28F4894100B756AD /* TestWeatherTests.xctest */;
			productType = "com.apple.product-type.bundle.unit-test";
		};
		81F479D728F4894100B756AD /* TestWeatherUITests */ = {
			isa = PBXNativeTarget;
			buildConfigurationList = 81F479E828F4894100B756AD /* Build configuration list for PBXNativeTarget "TestWeatherUITests" */;
			buildPhases = (
				81F479D428F4894100B756AD /* Sources */,
				81F479D528F4894100B756AD /* Frameworks */,
				81F479D628F4894100B756AD /* Resources */,
			);
			buildRules = (
			);
			dependencies = (
				81F479DA28F4894100B756AD /* PBXTargetDependency */,
			);
			name = TestWeatherUITests;
			productName = TestWeatherUITests;
			productReference = 81F479D828F4894100B756AD /* TestWeatherUITests.xctest */;
			productType = "com.apple.product-type.bundle.ui-testing";
		};
/* End PBXNativeTarget section */

/* Begin PBXProject section */
		81F479B628F4893E00B756AD /* Project object */ = {
			isa = PBXProject;
			attributes = {
				BuildIndependentTargetsInParallel = 1;
				LastSwiftUpdateCheck = 1400;
				LastUpgradeCheck = 1400;
				TargetAttributes = {
					81F479BD28F4893E00B756AD = {
						CreatedOnToolsVersion = 14.0.1;
					};
					81F479CD28F4894100B756AD = {
						CreatedOnToolsVersion = 14.0.1;
						TestTargetID = 81F479BD28F4893E00B756AD;
					};
					81F479D728F4894100B756AD = {
						CreatedOnToolsVersion = 14.0.1;
						TestTargetID = 81F479BD28F4893E00B756AD;
					};
				};
			};
			buildConfigurationList = 81F479B928F4893E00B756AD /* Build configuration list for PBXProject "TestWeather" */;
			compatibilityVersion = "Xcode 14.0";
			developmentRegion = en;
			hasScannedForEncodings = 0;
			knownRegions = (
				en,
				Base,
			);
			mainGroup = 81F479B528F4893E00B756AD;
			packageReferences = (
				81F479EB28F48BA700B756AD /* XCRemoteSwiftPackageReference "Alamofire" */,
			);
			productRefGroup = 81F479BF28F4893E00B756AD /* Products */;
			projectDirPath = "";
			projectRoot = "";
			targets = (
				81F479BD28F4893E00B756AD /* TestWeather */,
				81F479CD28F4894100B756AD /* TestWeatherTests */,
				81F479D728F4894100B756AD /* TestWeatherUITests */,
			);
		};
/* End PBXProject section */

/* Begin PBXResourcesBuildPhase section */
		81F479BC28F4893E00B756AD /* Resources */ = {
			isa = PBXResourcesBuildPhase;
			buildActionMask = 2147483647;
			files = (
				81F479C928F4894000B756AD /* Preview Assets.xcassets in Resources */,
				81F479C628F4894000B756AD /* Assets.xcassets in Resources */,
			);
			runOnlyForDeploymentPostprocessing = 0;
		};
		81F479CC28F4894100B756AD /* Resources */ = {
			isa = PBXResourcesBuildPhase;
			buildActionMask = 2147483647;
			files = (
			);
			runOnlyForDeploymentPostprocessing = 0;
		};
		81F479D628F4894100B756AD /* Resources */ = {
			isa = PBXResourcesBuildPhase;
			buildActionMask = 2147483647;
			files = (
			);
			runOnlyForDeploymentPostprocessing = 0;
		};
/* End PBXResourcesBuildPhase section */

/* Begin PBXSourcesBuildPhase section */
		81F479BA28F4893E00B756AD /* Sources */ = {
			isa = PBXSourcesBuildPhase;
			buildActionMask = 2147483647;
			files = (
				81687CE528F4AD8B00F240A4 /* WeatherView.swift in Sources */,
				81687CE328F4AC8100F240A4 /* SearchView.swift in Sources */,
				81687CE728F4ADA400F240A4 /* WeatherWidget.swift in Sources */,
				81F479C428F4893E00B756AD /* ContentView.swift in Sources */,
				81687CC128F48F3200F240A4 /* WeatherViewModel.swift in Sources */,
				81687CB528F48E4A00F240A4 /* CurrentWeather.swift in Sources */,
				81687CBD28F48EFF00F240A4 /* WeatherRepository.swift in Sources */,
				81687CB028F48E0D00F240A4 /* WeatherApiService.swift in Sources */,
				81F479C228F4893E00B756AD /* TestWeatherApp.swift in Sources */,
				81687CBA28F48EB300F240A4 /* Constants.swift in Sources */,
				81687CB728F48E7600F240A4 /* Forecast.swift in Sources */,
				81687CB328F48E3000F240A4 /* WeatherResponse.swift in Sources */,
			);
			runOnlyForDeploymentPostprocessing = 0;
		};
		81F479CA28F4894100B756AD /* Sources */ = {
			isa = PBXSourcesBuildPhase;
			buildActionMask = 2147483647;
			files = (
				81687CDC28F4AAB500F240A4 /* MockWeatherRepository.swift in Sources */,
				81687CD128F4A9B900F240A4 /* WeatherRepository.swift in Sources */,
				81687CD328F4A9BF00F240A4 /* WeatherResponse.swift in Sources */,
				81687CD528F4A9C600F240A4 /* Forecast.swift in Sources */,
				81F479D328F4894100B756AD /* TestWeatherTests.swift in Sources */,
				81687CD028F4A9B500F240A4 /* WeatherViewModel.swift in Sources */,
				81687CD628F4A9CA00F240A4 /* WeatherApiService.swift in Sources */,
				81687CD428F4A9C200F240A4 /* CurrentWeather.swift in Sources */,
				81687CDA28F4AA9D00F240A4 /* MockWeatherApiService.swift in Sources */,
				81687CD228F4A9BC00F240A4 /* Constants.swift in Sources */,
			);
			runOnlyForDeploymentPostprocessing = 0;
		};
		81F479D428F4894100B756AD /* Sources */ = {
			isa = PBXSourcesBuildPhase;
			buildActionMask = 2147483647;
			files = (
				81F479DD28F4894100B756AD /* TestWeatherUITests.swift in Sources */,
				81F479DF28F4894100B756AD /* TestWeatherUITestsLaunchTests.swift in Sources */,
			);
			runOnlyForDeploymentPostprocessing = 0;
		};
/* End PBXSourcesBuildPhase section */

/* Begin PBXTargetDependency section */
		81F479D028F4894100B756AD /* PBXTargetDependency */ = {
			isa = PBXTargetDependency;
			target = 81F479BD28F4893E00B756AD /* TestWeather */;
			targetProxy = 81F479CF28F4894100B756AD /* PBXContainerItemProxy */;
		};
		81F479DA28F4894100B756AD /* PBXTargetDependency */ = {
			isa = PBXTargetDependency;
			target = 81F479BD28F4893E00B756AD /* TestWeather */;
			targetProxy = 81F479D928F4894100B756AD /* PBXContainerItemProxy */;
		};
/* End PBXTargetDependency section */

/* Begin XCBuildConfiguration section */
		81F479E028F4894100B756AD /* Debug */ = {
			isa = XCBuildConfiguration;
			buildSettings = {
				ALWAYS_SEARCH_USER_PATHS = NO;
				CLANG_ANALYZER_NONNULL = YES;
				CLANG_ANALYZER_NUMBER_OBJECT_CONVERSION = YES_AGGRESSIVE;
				CLANG_CXX_LANGUAGE_STANDARD = "gnu++20";
				CLANG_ENABLE_MODULES = YES;
				CLANG_ENABLE_OBJC_ARC = YES;
				CLANG_ENABLE_OBJC_WEAK = YES;
				CLANG_WARN_BLOCK_CAPTURE_AUTORELEASING = YES;
				CLANG_WARN_BOOL_CONVERSION = YES;
				CLANG_WARN_COMMA = YES;
				CLANG_WARN_CONSTANT_CONVERSION = YES;
				CLANG_WARN_DEPRECATED_OBJC_IMPLEMENTATIONS = YES;
				CLANG_WARN_DIRECT_OBJC_ISA_USAGE = YES_ERROR;
				CLANG_WARN_DOCUMENTATION_COMMENTS = YES;
				CLANG_WARN_EMPTY_BODY = YES;
				CLANG_WARN_ENUM_CONVERSION = YES;
				CLANG_WARN_INFINITE_RECURSION = YES;
				CLANG_WARN_INT_CONVERSION = YES;
				CLANG_WARN_NON_LITERAL_NULL_CONVERSION = YES;
				CLANG_WARN_OBJC_IMPLICIT_RETAIN_SELF = YES;
				CLANG_WARN_OBJC_LITERAL_CONVERSION = YES;
				CLANG_WARN_OBJC_ROOT_CLASS = YES_ERROR;
				CLANG_WARN_QUOTED_INCLUDE_IN_FRAMEWORK_HEADER = YES;
				CLANG_WARN_RANGE_LOOP_ANALYSIS = YES;
				CLANG_WARN_STRICT_PROTOTYPES = YES;
				CLANG_WARN_SUSPICIOUS_MOVE = YES;
				CLANG_WARN_UNGUARDED_AVAILABILITY = YES_AGGRESSIVE;
				CLANG_WARN_UNREACHABLE_CODE = YES;
				CLANG_WARN__DUPLICATE_METHOD_MATCH = YES;
				COPY_PHASE_STRIP = NO;
				DEBUG_INFORMATION_FORMAT = dwarf;
				ENABLE_STRICT_OBJC_MSGSEND = YES;
				ENABLE_TESTABILITY = YES;
				GCC_C_LANGUAGE_STANDARD = gnu11;
				GCC_DYNAMIC_NO_PIC = NO;
				GCC_NO_COMMON_BLOCKS = YES;
				GCC_OPTIMIZATION_LEVEL = 0;
				GCC_PREPROCESSOR_DEFINITIONS = (
					"DEBUG=1",
					"$(inherited)",
				);
				GCC_WARN_64_TO_32_BIT_CONVERSION = YES;
				GCC_WARN_ABOUT_RETURN_TYPE = YES_ERROR;
				GCC_WARN_UNDECLARED_SELECTOR = YES;
				GCC_WARN_UNINITIALIZED_AUTOS = YES_AGGRESSIVE;
				GCC_WARN_UNUSED_FUNCTION = YES;
				GCC_WARN_UNUSED_VARIABLE = YES;
				IPHONEOS_DEPLOYMENT_TARGET = 16.0;
				MTL_ENABLE_DEBUG_INFO = INCLUDE_SOURCE;
				MTL_FAST_MATH = YES;
				ONLY_ACTIVE_ARCH = YES;
				SDKROOT = iphoneos;
				SWIFT_ACTIVE_COMPILATION_CONDITIONS = DEBUG;
				SWIFT_OPTIMIZATION_LEVEL = "-Onone";
			};
			name = Debug;
		};
		81F479E128F4894100B756AD /* Release */ = {
			isa = XCBuildConfiguration;
			buildSettings = {
				ALWAYS_SEARCH_USER_PATHS = NO;
				CLANG_ANALYZER_NONNULL = YES;
				CLANG_ANALYZER_NUMBER_OBJECT_CONVERSION = YES_AGGRESSIVE;
				CLANG_CXX_LANGUAGE_STANDARD = "gnu++20";
				CLANG_ENABLE_MODULES = YES;
				CLANG_ENABLE_OBJC_ARC = YES;
				CLANG_ENABLE_OBJC_WEAK = YES;
				CLANG_WARN_BLOCK_CAPTURE_AUTORELEASING = YES;
				CLANG_WARN_BOOL_CONVERSION = YES;
				CLANG_WARN_COMMA = YES;
				CLANG_WARN_CONSTANT_CONVERSION = YES;
				CLANG_WARN_DEPRECATED_OBJC_IMPLEMENTATIONS = YES;
				CLANG_WARN_DIRECT_OBJC_ISA_USAGE = YES_ERROR;
				CLANG_WARN_DOCUMENTATION_COMMENTS = YES;
				CLANG_WARN_EMPTY_BODY = YES;
				CLANG_WARN_ENUM_CONVERSION = YES;
				CLANG_WARN_INFINITE_RECURSION = YES;
				CLANG_WARN_INT_CONVERSION = YES;
				CLANG_WARN_NON_LITERAL_NULL_CONVERSION = YES;
				CLANG_WARN_OBJC_IMPLICIT_RETAIN_SELF = YES;
				CLANG_WARN_OBJC_LITERAL_CONVERSION = YES;
				CLANG_WARN_OBJC_ROOT_CLASS = YES_ERROR;
				CLANG_WARN_QUOTED_INCLUDE_IN_FRAMEWORK_HEADER = YES;
				CLANG_WARN_RANGE_LOOP_ANALYSIS = YES;
				CLANG_WARN_STRICT_PROTOTYPES = YES;
				CLANG_WARN_SUSPICIOUS_MOVE = YES;
				CLANG_WARN_UNGUARDED_AVAILABILITY = YES_AGGRESSIVE;
				CLANG_WARN_UNREACHABLE_CODE = YES;
				CLANG_WARN__DUPLICATE_METHOD_MATCH = YES;
				COPY_PHASE_STRIP = NO;
				DEBUG_INFORMATION_FORMAT = "dwarf-with-dsym";
				ENABLE_NS_ASSERTIONS = NO;
				ENABLE_STRICT_OBJC_MSGSEND = YES;
				GCC_C_LANGUAGE_STANDARD = gnu11;
				GCC_NO_COMMON_BLOCKS = YES;
				GCC_WARN_64_TO_32_BIT_CONVERSION = YES;
				GCC_WARN_ABOUT_RETURN_TYPE = YES_ERROR;
				GCC_WARN_UNDECLARED_SELECTOR = YES;
				GCC_WARN_UNINITIALIZED_AUTOS = YES_AGGRESSIVE;
				GCC_WARN_UNUSED_FUNCTION = YES;
				GCC_WARN_UNUSED_VARIABLE = YES;
				IPHONEOS_DEPLOYMENT_TARGET = 16.0;
				MTL_ENABLE_DEBUG_INFO = NO;
				MTL_FAST_MATH = YES;
				SDKROOT = iphoneos;
				SWIFT_COMPILATION_MODE = wholemodule;
				SWIFT_OPTIMIZATION_LEVEL = "-O";
				VALIDATE_PRODUCT = YES;
			};
			name = Release;
		};
		81F479E328F4894100B756AD /* Debug */ = {
			isa = XCBuildConfiguration;
			buildSettings = {
				ASSETCATALOG_COMPILER_APPICON_NAME = AppIcon;
				ASSETCATALOG_COMPILER_GLOBAL_ACCENT_COLOR_NAME = AccentColor;
				CODE_SIGN_STYLE = Automatic;
				CURRENT_PROJECT_VERSION = 1;
				DEVELOPMENT_ASSET_PATHS = "\"TestWeather/Preview Content\"";
				DEVELOPMENT_TEAM = 4SLMH62VTD;
				ENABLE_PREVIEWS = YES;
				GENERATE_INFOPLIST_FILE = YES;
				INFOPLIST_KEY_UIApplicationSceneManifest_Generation = YES;
				INFOPLIST_KEY_UIApplicationSupportsIndirectInputEvents = YES;
				INFOPLIST_KEY_UILaunchScreen_Generation = YES;
				INFOPLIST_KEY_UISupportedInterfaceOrientations_iPad = "UIInterfaceOrientationPortrait UIInterfaceOrientationPortraitUpsideDown UIInterfaceOrientationLandscapeLeft UIInterfaceOrientationLandscapeRight";
				INFOPLIST_KEY_UISupportedInterfaceOrientations_iPhone = "UIInterfaceOrientationPortrait UIInterfaceOrientationLandscapeLeft UIInterfaceOrientationLandscapeRight";
				LD_RUNPATH_SEARCH_PATHS = (
					"$(inherited)",
					"@executable_path/Frameworks",
				);
				MARKETING_VERSION = 1.0;
				PRODUCT_BUNDLE_IDENTIFIER = com.my.test.TestWeather;
				PRODUCT_NAME = "$(TARGET_NAME)";
				SWIFT_EMIT_LOC_STRINGS = YES;
				SWIFT_VERSION = 5.0;
				TARGETED_DEVICE_FAMILY = "1,2";
			};
			name = Debug;
		};
		81F479E428F4894100B756AD /* Release */ = {
			isa = XCBuildConfiguration;
			buildSettings = {
				ASSETCATALOG_COMPILER_APPICON_NAME = AppIcon;
				ASSETCATALOG_COMPILER_GLOBAL_ACCENT_COLOR_NAME = AccentColor;
				CODE_SIGN_STYLE = Automatic;
				CURRENT_PROJECT_VERSION = 1;
				DEVELOPMENT_ASSET_PATHS = "\"TestWeather/Preview Content\"";
				DEVELOPMENT_TEAM = 4SLMH62VTD;
				ENABLE_PREVIEWS = YES;
				GENERATE_INFOPLIST_FILE = YES;
				INFOPLIST_KEY_UIApplicationSceneManifest_Generation = YES;
				INFOPLIST_KEY_UIApplicationSupportsIndirectInputEvents = YES;
				INFOPLIST_KEY_UILaunchScreen_Generation = YES;
				INFOPLIST_KEY_UISupportedInterfaceOrientations_iPad = "UIInterfaceOrientationPortrait UIInterfaceOrientationPortraitUpsideDown UIInterfaceOrientationLandscapeLeft UIInterfaceOrientationLandscapeRight";
				INFOPLIST_KEY_UISupportedInterfaceOrientations_iPhone = "UIInterfaceOrientationPortrait UIInterfaceOrientationLandscapeLeft UIInterfaceOrientationLandscapeRight";
				LD_RUNPATH_SEARCH_PATHS = (
					"$(inherited)",
					"@executable_path/Frameworks",
				);
				MARKETING_VERSION = 1.0;
				PRODUCT_BUNDLE_IDENTIFIER = com.my.test.TestWeather;
				PRODUCT_NAME = "$(TARGET_NAME)";
				SWIFT_EMIT_LOC_STRINGS = YES;
				SWIFT_VERSION = 5.0;
				TARGETED_DEVICE_FAMILY = "1,2";
			};
			name = Release;
		};
		81F479E628F4894100B756AD /* Debug */ = {
			isa = XCBuildConfiguration;
			buildSettings = {
				ALWAYS_EMBED_SWIFT_STANDARD_LIBRARIES = YES;
				BUNDLE_LOADER = "$(TEST_HOST)";
				CODE_SIGN_STYLE = Automatic;
				CURRENT_PROJECT_VERSION = 1;
				DEVELOPMENT_TEAM = 4SLMH62VTD;
				GENERATE_INFOPLIST_FILE = YES;
				IPHONEOS_DEPLOYMENT_TARGET = 16.0;
				MARKETING_VERSION = 1.0;
				PRODUCT_BUNDLE_IDENTIFIER = com.my.test.TestWeatherTests;
				PRODUCT_NAME = "$(TARGET_NAME)";
				SWIFT_EMIT_LOC_STRINGS = NO;
				SWIFT_VERSION = 5.0;
				TARGETED_DEVICE_FAMILY = "1,2";
				TEST_HOST = "$(BUILT_PRODUCTS_DIR)/TestWeather.app/$(BUNDLE_EXECUTABLE_FOLDER_PATH)/TestWeather";
			};
			name = Debug;
		};
		81F479E728F4894100B756AD /* Release */ = {
			isa = XCBuildConfiguration;
			buildSettings = {
				ALWAYS_EMBED_SWIFT_STANDARD_LIBRARIES = YES;
				BUNDLE_LOADER = "$(TEST_HOST)";
				CODE_SIGN_STYLE = Automatic;
				CURRENT_PROJECT_VERSION = 1;
				DEVELOPMENT_TEAM = 4SLMH62VTD;
				GENERATE_INFOPLIST_FILE = YES;
				IPHONEOS_DEPLOYMENT_TARGET = 16.0;
				MARKETING_VERSION = 1.0;
				PRODUCT_BUNDLE_IDENTIFIER = com.my.test.TestWeatherTests;
				PRODUCT_NAME = "$(TARGET_NAME)";
				SWIFT_EMIT_LOC_STRINGS = NO;
				SWIFT_VERSION = 5.0;
				TARGETED_DEVICE_FAMILY = "1,2";
				TEST_HOST = "$(BUILT_PRODUCTS_DIR)/TestWeather.app/$(BUNDLE_EXECUTABLE_FOLDER_PATH)/TestWeather";
			};
			name = Release;
		};
		81F479E928F4894100B756AD /* Debug */ = {
			isa = XCBuildConfiguration;
			buildSettings = {
				ALWAYS_EMBED_SWIFT_STANDARD_LIBRARIES = YES;
				CODE_SIGN_STYLE = Automatic;
				CURRENT_PROJECT_VERSION = 1;
				DEVELOPMENT_TEAM = 4SLMH62VTD;
				GENERATE_INFOPLIST_FILE = YES;
				MARKETING_VERSION = 1.0;
				PRODUCT_BUNDLE_IDENTIFIER = com.my.test.TestWeatherUITests;
				PRODUCT_NAME = "$(TARGET_NAME)";
				SWIFT_EMIT_LOC_STRINGS = NO;
				SWIFT_VERSION = 5.0;
				TARGETED_DEVICE_FAMILY = "1,2";
				TEST_TARGET_NAME = TestWeather;
			};
			name = Debug;
		};
		81F479EA28F4894100B756AD /* Release */ = {
			isa = XCBuildConfiguration;
			buildSettings = {
				ALWAYS_EMBED_SWIFT_STANDARD_LIBRARIES = YES;
				CODE_SIGN_STYLE = Automatic;
				CURRENT_PROJECT_VERSION = 1;
				DEVELOPMENT_TEAM = 4SLMH62VTD;
				GENERATE_INFOPLIST_FILE = YES;
				MARKETING_VERSION = 1.0;
				PRODUCT_BUNDLE_IDENTIFIER = com.my.test.TestWeatherUITests;
				PRODUCT_NAME = "$(TARGET_NAME)";
				SWIFT_EMIT_LOC_STRINGS = NO;
				SWIFT_VERSION = 5.0;
				TARGETED_DEVICE_FAMILY = "1,2";
				TEST_TARGET_NAME = TestWeather;
			};
			name = Release;
		};
/* End XCBuildConfiguration section */

/* Begin XCConfigurationList section */
		81F479B928F4893E00B756AD /* Build configuration list for PBXProject "TestWeather" */ = {
			isa = XCConfigurationList;
			buildConfigurations = (
				81F479E028F4894100B756AD /* Debug */,
				81F479E128F4894100B756AD /* Release */,
			);
			defaultConfigurationIsVisible = 0;
			defaultConfigurationName = Release;
		};
		81F479E228F4894100B756AD /* Build configuration list for PBXNativeTarget "TestWeather" */ = {
			isa = XCConfigurationList;
			buildConfigurations = (
				81F479E328F4894100B756AD /* Debug */,
				81F479E428F4894100B756AD /* Release */,
			);
			defaultConfigurationIsVisible = 0;
			defaultConfigurationName = Release;
		};
		81F479E528F4894100B756AD /* Build configuration list for PBXNativeTarget "TestWeatherTests" */ = {
			isa = XCConfigurationList;
			buildConfigurations = (
				81F479E628F4894100B756AD /* Debug */,
				81F479E728F4894100B756AD /* Release */,
			);
			defaultConfigurationIsVisible = 0;
			defaultConfigurationName = Release;
		};
		81F479E828F4894100B756AD /* Build configuration list for PBXNativeTarget "TestWeatherUITests" */ = {
			isa = XCConfigurationList;
			buildConfigurations = (
				81F479E928F4894100B756AD /* Debug */,
				81F479EA28F4894100B756AD /* Release */,
			);
			defaultConfigurationIsVisible = 0;
			defaultConfigurationName = Release;
		};
/* End XCConfigurationList section */

/* Begin XCRemoteSwiftPackageReference section */
		81F479EB28F48BA700B756AD /* XCRemoteSwiftPackageReference "Alamofire" */ = {
			isa = XCRemoteSwiftPackageReference;
			repositoryURL = "https://github.com/Alamofire/Alamofire.git";
			requirement = {
				branch = master;
				kind = branch;
			};
		};
/* End XCRemoteSwiftPackageReference section */

/* Begin XCSwiftPackageProductDependency section */
		81F479EC28F48BA700B756AD /* Alamofire */ = {
			isa = XCSwiftPackageProductDependency;
			package = 81F479EB28F48BA700B756AD /* XCRemoteSwiftPackageReference "Alamofire" */;
			productName = Alamofire;
		};
/* End XCSwiftPackageProductDependency section */
	};
	rootObject = 81F479B628F4893E00B756AD /* Project object */;
}
